schema: '2.0'
stages:
  data_ingestion:
    cmd: python src/data_ingestion.py
    deps:
    - path: src/data_ingestion.py
      hash: md5
      md5: 429e641c03022f2ee7becbb588f7546f
      size: 3614
    params:
      params.yaml:
        data_ingestion.test_size: 0.1
    outs:
    - path: data/raw
      hash: md5
      md5: 9097e041a34df9054caed15688df1464.dir
      size: 484846
      nfiles: 2
  Pre_processing:
    cmd: python src/Pre_processing.py
    deps:
    - path: data/raw
      hash: md5
      md5: 9097e041a34df9054caed15688df1464.dir
      size: 484846
      nfiles: 2
    - path: src/Pre_processing.py
      hash: md5
      md5: d09b4ee330d4a79630198327970ecd19
      size: 3586
    outs:
    - path: data/interim
      hash: md5
      md5: e859b3a1f05212cb0cc4acec66cb8cd1.dir
      size: 257605
      nfiles: 2
  feature_engineering:
    cmd: python src/feature_engineering.py
    deps:
    - path: data/interim
      hash: md5
      md5: e859b3a1f05212cb0cc4acec66cb8cd1.dir
      size: 257605
      nfiles: 2
    - path: src/feature_engineering.py
      hash: md5
      md5: d9270b1abefc03c8cc25041893d1155b
      size: 3866
    params:
      params.yaml:
        feature_engineering.max_features: 500
    outs:
    - path: data/processed
      hash: md5
      md5: c5ae32ad3165a012794d8e8b21ff7091.dir
      size: 10850149
      nfiles: 2
  Model_training:
    cmd: python src/model_training.py
    deps:
    - path: data/processed
      hash: md5
      md5: c5ae32ad3165a012794d8e8b21ff7091.dir
      size: 10850149
      nfiles: 2
    - path: src/model_training.py
      hash: md5
      md5: 4cf0eede41ef42936c98cf18033e8b92
      size: 4095
    params:
      params.yaml:
        model_training.n_estimators: 50
        model_training.random_state: 2
    outs:
    - path: models/model.pkl
      hash: md5
      md5: 645c6c2a99e4697c0a21bd16c6a2f689
      size: 3958991
  Model_evaluation:
    cmd: python src/model_evaluation.py
    deps:
    - path: models/model.pkl
      hash: md5
      md5: 645c6c2a99e4697c0a21bd16c6a2f689
      size: 3958991
    - path: src/model_evaluation.py
      hash: md5
      md5: 5367c037e7f3cef47bdaed481254f73e
      size: 4787
    outs:
    - path: reports/metrics.json
      hash: md5
      md5: 2bd467bfbdbb5db725324626026f2ac5
      size: 110
